
Microsoft Visual Studio Solution File, Format Version 12.00
# Visual Studio 14
VisualStudioVersion = 14.0.25420.1
MinimumVisualStudioVersion = 10.0.40219.1
Project("{FAE04EC0-301F-11D3-BF4B-00C04F79EFBC}") = "2017_BS_Project", "2017_BS_Project\2017_BS_Project.csproj", "{15E3FC49-0A6E-4107-AD2D-1543A347F439}"
EndProject
Project("{FAE04EC0-301F-11D3-BF4B-00C04F79EFBC}") = "UnitTesting", "UnitTesting\UnitTesting.csproj", "{6309D8BE-7E4E-43CC-B70D-FE51F8E1D6F3}"
EndProject
Global
	GlobalSection(SolutionConfigurationPlatforms) = preSolution
		Debug|Any CPU = Debug|Any CPU
		Release|Any CPU = Release|Any CPU
	EndGlobalSection
	GlobalSection(ProjectConfigurationPlatforms) = postSolution
		{15E3FC49-0A6E-4107-AD2D-1543A347F439}.Debug|Any CPU.ActiveCfg = Debug|Any CPU
		{15E3FC49-0A6E-4107-AD2D-1543A347F439}.Debug|Any CPU.Build.0 = Debug|Any CPU
		{15E3FC49-0A6E-4107-AD2D-1543A347F439}.Release|Any CPU.ActiveCfg = Release|Any CPU
		{15E3FC49-0A6E-4107-AD2D-1543A347F439}.Release|Any CPU.Build.0 = Release|Any CPU
		{6309D8BE-7E4E-43CC-B70D-FE51F8E1D6F3}.Debug|Any CPU.ActiveCfg = Debug|Any CPU
		{6309D8BE-7E4E-43CC-B70D-FE51F8E1D6F3}.Debug|Any CPU.Build.0 = Debug|Any CPU
		{6309D8BE-7E4E-43CC-B70D-FE51F8E1D6F3}.Release|Any CPU.ActiveCfg = Release|Any CPU
		{6309D8BE-7E4E-43CC-B70D-FE51F8E1D6F3}.Release|Any CPU.Build.0 = Release|Any CPU
	EndGlobalSection
	GlobalSection(SolutionProperties) = preSolution
		HideSolutionNode = FALSE
	EndGlobalSection
EndGlobal
